
Microsoft Visual Studio Solution File, Format Version 12.00
# Visual Studio Version 16
VisualStudioVersion = 16.0.31025.194
MinimumVisualStudioVersion = 10.0.40219.1
Project("{9A19103F-16F7-4668-BE54-9A1E7A4F7556}") = "Twitchie2", "Twitchie2.csproj", "{CC3ADEEA-0EC6-4FC2-ADB5-85052FF774F0}"
EndProject
Global
	GlobalSection(SolutionConfigurationPlatforms) = preSolution
		Debug|Any CPU = Debug|Any CPU
		Release|Any CPU = Release|Any CPU
	EndGlobalSection
	GlobalSection(ProjectConfigurationPlatforms) = postSolution
		{CC3ADEEA-0EC6-4FC2-ADB5-85052FF774F0}.Debug|Any CPU.ActiveCfg = Debug|Any CPU
		{CC3ADEEA-0EC6-4FC2-ADB5-85052FF774F0}.Debug|Any CPU.Build.0 = Debug|Any CPU
		{CC3ADEEA-0EC6-4FC2-ADB5-85052FF774F0}.Release|Any CPU.ActiveCfg = Release|Any CPU
		{CC3ADEEA-0EC6-4FC2-ADB5-85052FF774F0}.Release|Any CPU.Build.0 = Release|Any CPU
	EndGlobalSection
	GlobalSection(SolutionProperties) = preSolution
		HideSolutionNode = FALSE
	EndGlobalSection
	GlobalSection(ExtensibilityGlobals) = postSolution
		SolutionGuid = {9662E153-D25C-4FC1-8D45-75AF7727927D}
	EndGlobalSection
EndGlobal
